
Microsoft Visual Studio Solution File, Format Version 12.00
# Visual Studio Version 17
VisualStudioVersion = 17.2.32630.192
MinimumVisualStudioVersion = 10.0.40219.1
Project("{FAE04EC0-301F-11D3-BF4B-00C04F79EFBC}") = "SimpleWebApp", "SimpleWebApp\SimpleWebApp.csproj", "{CE1D8224-DC7F-4EC3-AB00-A195CA906B22}"
EndProject
Global
	GlobalSection(SolutionConfigurationPlatforms) = preSolution
		Debug|Any CPU = Debug|Any CPU
		Release|Any CPU = Release|Any CPU
	EndGlobalSection
	GlobalSection(ProjectConfigurationPlatforms) = postSolution
		{CE1D8224-DC7F-4EC3-AB00-A195CA906B22}.Debug|Any CPU.ActiveCfg = Debug|Any CPU
		{CE1D8224-DC7F-4EC3-AB00-A195CA906B22}.Debug|Any CPU.Build.0 = Debug|Any CPU
		{CE1D8224-DC7F-4EC3-AB00-A195CA906B22}.Release|Any CPU.ActiveCfg = Release|Any CPU
		{CE1D8224-DC7F-4EC3-AB00-A195CA906B22}.Release|Any CPU.Build.0 = Release|Any CPU
	EndGlobalSection
	GlobalSection(SolutionProperties) = preSolution
		HideSolutionNode = FALSE
	EndGlobalSection
	GlobalSection(ExtensibilityGlobals) = postSolution
		SolutionGuid = {FE94BE3D-B1E4-4C27-A23E-99CE925B4699}
	EndGlobalSection
EndGlobal
